// !$*UTF8*$!
{
	archiveVersion = 1;
	classes = {
	};
	objectVersion = 56;
	objects = {

/* Begin PBXBuildFile section */
		6F145A172CAF56F8008FFDC2 /* CityWeatherApp.swift in Sources */ = {isa = PBXBuildFile; fileRef = 6F145A162CAF56F8008FFDC2 /* CityWeatherApp.swift */; };
		6F145A1B2CAF56FC008FFDC2 /* Assets.xcassets in Resources */ = {isa = PBXBuildFile; fileRef = 6F145A1A2CAF56FC008FFDC2 /* Assets.xcassets */; };
		6F145A1E2CAF56FC008FFDC2 /* Preview Assets.xcassets in Resources */ = {isa = PBXBuildFile; fileRef = 6F145A1D2CAF56FC008FFDC2 /* Preview Assets.xcassets */; };
		6F145A282CAF56FC008FFDC2 /* CityWeatherTests.swift in Sources */ = {isa = PBXBuildFile; fileRef = 6F145A272CAF56FC008FFDC2 /* CityWeatherTests.swift */; };
		6F145A322CAF56FC008FFDC2 /* CityWeatherUITests.swift in Sources */ = {isa = PBXBuildFile; fileRef = 6F145A312CAF56FC008FFDC2 /* CityWeatherUITests.swift */; };
		6F145A342CAF56FC008FFDC2 /* CityWeatherUITestsLaunchTests.swift in Sources */ = {isa = PBXBuildFile; fileRef = 6F145A332CAF56FC008FFDC2 /* CityWeatherUITestsLaunchTests.swift */; };
		6F6A0EF12CAF5C1200EBC5A7 /* Weather.swift in Sources */ = {isa = PBXBuildFile; fileRef = 6F6A0EF02CAF5C1200EBC5A7 /* Weather.swift */; };
		6F6A0EF42CAF5C8C00EBC5A7 /* WeatherService.swift in Sources */ = {isa = PBXBuildFile; fileRef = 6F6A0EF32CAF5C8C00EBC5A7 /* WeatherService.swift */; };
		6F6A0EF72CAF5E6B00EBC5A7 /* WeatherViewModel.swift in Sources */ = {isa = PBXBuildFile; fileRef = 6F6A0EF62CAF5E6B00EBC5A7 /* WeatherViewModel.swift */; };
		6F6A0EFA2CAF5F8900EBC5A7 /* WeatherView.swift in Sources */ = {isa = PBXBuildFile; fileRef = 6F6A0EF92CAF5F8900EBC5A7 /* WeatherView.swift */; };
		6F6A0EFC2CAF60BC00EBC5A7 /* Geolocation.swift in Sources */ = {isa = PBXBuildFile; fileRef = 6F6A0EFB2CAF60BC00EBC5A7 /* Geolocation.swift */; };
		6F6A0EFF2CAF6FDF00EBC5A7 /* String+Extension.swift in Sources */ = {isa = PBXBuildFile; fileRef = 6F6A0EFE2CAF6FDF00EBC5A7 /* String+Extension.swift */; };
		6F6A0F012CB08B0800EBC5A7 /* UIApplication+Extension.swift in Sources */ = {isa = PBXBuildFile; fileRef = 6F6A0F002CB08B0800EBC5A7 /* UIApplication+Extension.swift */; };
		6F6A0F042CB0969A00EBC5A7 /* ImageCache.swift in Sources */ = {isa = PBXBuildFile; fileRef = 6F6A0F032CB0969A00EBC5A7 /* ImageCache.swift */; };
		6F6A0F062CB0974400EBC5A7 /* AsyncImageView.swift in Sources */ = {isa = PBXBuildFile; fileRef = 6F6A0F052CB0974300EBC5A7 /* AsyncImageView.swift */; };
		6F6A0F082CB0D50C00EBC5A7 /* LocationManager.swift in Sources */ = {isa = PBXBuildFile; fileRef = 6F6A0F072CB0D50C00EBC5A7 /* LocationManager.swift */; };
		6F6A0F0A2CB0F3A600EBC5A7 /* WeatherDetailsView.swift in Sources */ = {isa = PBXBuildFile; fileRef = 6F6A0F092CB0F3A600EBC5A7 /* WeatherDetailsView.swift */; };
		6F6A0F0C2CB0F3CC00EBC5A7 /* CitySuggestionsView.swift in Sources */ = {isa = PBXBuildFile; fileRef = 6F6A0F0B2CB0F3CC00EBC5A7 /* CitySuggestionsView.swift */; };
		6F6A0F0F2CB1D74E00EBC5A7 /* MockWeatherService.swift in Sources */ = {isa = PBXBuildFile; fileRef = 6F6A0F0E2CB1D74E00EBC5A7 /* MockWeatherService.swift */; };
		6F6A0F112CB1D7DC00EBC5A7 /* MockLocationManager.swift in Sources */ = {isa = PBXBuildFile; fileRef = 6F6A0F102CB1D7DC00EBC5A7 /* MockLocationManager.swift */; };
/* End PBXBuildFile section */

/* Begin PBXContainerItemProxy section */
		6F145A242CAF56FC008FFDC2 /* PBXContainerItemProxy */ = {
			isa = PBXContainerItemProxy;
			containerPortal = 6F145A0B2CAF56F7008FFDC2 /* Project object */;
			proxyType = 1;
			remoteGlobalIDString = 6F145A122CAF56F8008FFDC2;
			remoteInfo = CityWeather;
		};
		6F145A2E2CAF56FC008FFDC2 /* PBXContainerItemProxy */ = {
			isa = PBXContainerItemProxy;
			containerPortal = 6F145A0B2CAF56F7008FFDC2 /* Project object */;
			proxyType = 1;
			remoteGlobalIDString = 6F145A122CAF56F8008FFDC2;
			remoteInfo = CityWeather;
		};
/* End PBXContainerItemProxy section */

/* Begin PBXFileReference section */
		6F145A132CAF56F8008FFDC2 /* CityWeather.app */ = {isa = PBXFileReference; explicitFileType = wrapper.application; includeInIndex = 0; path = CityWeather.app; sourceTree = BUILT_PRODUCTS_DIR; };
		6F145A162CAF56F8008FFDC2 /* CityWeatherApp.swift */ = {isa = PBXFileReference; lastKnownFileType = sourcecode.swift; path = CityWeatherApp.swift; sourceTree = "<group>"; };
		6F145A1A2CAF56FC008FFDC2 /* Assets.xcassets */ = {isa = PBXFileReference; lastKnownFileType = folder.assetcatalog; path = Assets.xcassets; sourceTree = "<group>"; };
		6F145A1D2CAF56FC008FFDC2 /* Preview Assets.xcassets */ = {isa = PBXFileReference; lastKnownFileType = folder.assetcatalog; path = "Preview Assets.xcassets"; sourceTree = "<group>"; };
		6F145A232CAF56FC008FFDC2 /* CityWeatherTests.xctest */ = {isa = PBXFileReference; explicitFileType = wrapper.cfbundle; includeInIndex = 0; path = CityWeatherTests.xctest; sourceTree = BUILT_PRODUCTS_DIR; };
		6F145A272CAF56FC008FFDC2 /* CityWeatherTests.swift */ = {isa = PBXFileReference; lastKnownFileType = sourcecode.swift; path = CityWeatherTests.swift; sourceTree = "<group>"; };
		6F145A2D2CAF56FC008FFDC2 /* CityWeatherUITests.xctest */ = {isa = PBXFileReference; explicitFileType = wrapper.cfbundle; includeInIndex = 0; path = CityWeatherUITests.xctest; sourceTree = BUILT_PRODUCTS_DIR; };
		6F145A312CAF56FC008FFDC2 /* CityWeatherUITests.swift */ = {isa = PBXFileReference; lastKnownFileType = sourcecode.swift; path = CityWeatherUITests.swift; sourceTree = "<group>"; };
		6F145A332CAF56FC008FFDC2 /* CityWeatherUITestsLaunchTests.swift */ = {isa = PBXFileReference; lastKnownFileType = sourcecode.swift; path = CityWeatherUITestsLaunchTests.swift; sourceTree = "<group>"; };
		6F6A0EF02CAF5C1200EBC5A7 /* Weather.swift */ = {isa = PBXFileReference; lastKnownFileType = sourcecode.swift; path = Weather.swift; sourceTree = "<group>"; };
		6F6A0EF32CAF5C8C00EBC5A7 /* WeatherService.swift */ = {isa = PBXFileReference; lastKnownFileType = sourcecode.swift; path = WeatherService.swift; sourceTree = "<group>"; };
		6F6A0EF62CAF5E6B00EBC5A7 /* WeatherViewModel.swift */ = {isa = PBXFileReference; lastKnownFileType = sourcecode.swift; path = WeatherViewModel.swift; sourceTree = "<group>"; };
		6F6A0EF92CAF5F8900EBC5A7 /* WeatherView.swift */ = {isa = PBXFileReference; lastKnownFileType = sourcecode.swift; path = WeatherView.swift; sourceTree = "<group>"; };
		6F6A0EFB2CAF60BC00EBC5A7 /* Geolocation.swift */ = {isa = PBXFileReference; lastKnownFileType = sourcecode.swift; path = Geolocation.swift; sourceTree = "<group>"; };
		6F6A0EFE2CAF6FDF00EBC5A7 /* String+Extension.swift */ = {isa = PBXFileReference; lastKnownFileType = sourcecode.swift; path = "String+Extension.swift"; sourceTree = "<group>"; };
		6F6A0F002CB08B0800EBC5A7 /* UIApplication+Extension.swift */ = {isa = PBXFileReference; lastKnownFileType = sourcecode.swift; path = "UIApplication+Extension.swift"; sourceTree = "<group>"; };
		6F6A0F032CB0969A00EBC5A7 /* ImageCache.swift */ = {isa = PBXFileReference; lastKnownFileType = sourcecode.swift; path = ImageCache.swift; sourceTree = "<group>"; };
		6F6A0F052CB0974300EBC5A7 /* AsyncImageView.swift */ = {isa = PBXFileReference; lastKnownFileType = sourcecode.swift; path = AsyncImageView.swift; sourceTree = "<group>"; };
		6F6A0F072CB0D50C00EBC5A7 /* LocationManager.swift */ = {isa = PBXFileReference; lastKnownFileType = sourcecode.swift; path = LocationManager.swift; sourceTree = "<group>"; };
		6F6A0F092CB0F3A600EBC5A7 /* WeatherDetailsView.swift */ = {isa = PBXFileReference; lastKnownFileType = sourcecode.swift; path = WeatherDetailsView.swift; sourceTree = "<group>"; };
		6F6A0F0B2CB0F3CC00EBC5A7 /* CitySuggestionsView.swift */ = {isa = PBXFileReference; lastKnownFileType = sourcecode.swift; path = CitySuggestionsView.swift; sourceTree = "<group>"; };
		6F6A0F0E2CB1D74E00EBC5A7 /* MockWeatherService.swift */ = {isa = PBXFileReference; lastKnownFileType = sourcecode.swift; path = MockWeatherService.swift; sourceTree = "<group>"; };
		6F6A0F102CB1D7DC00EBC5A7 /* MockLocationManager.swift */ = {isa = PBXFileReference; lastKnownFileType = sourcecode.swift; path = MockLocationManager.swift; sourceTree = "<group>"; };
/* End PBXFileReference section */

/* Begin PBXFrameworksBuildPhase section */
		6F145A102CAF56F8008FFDC2 /* Frameworks */ = {
			isa = PBXFrameworksBuildPhase;
			buildActionMask = 2147483647;
			files = (
			);
			runOnlyForDeploymentPostprocessing = 0;
		};
		6F145A202CAF56FC008FFDC2 /* Frameworks */ = {
			isa = PBXFrameworksBuildPhase;
			buildActionMask = 2147483647;
			files = (
			);
			runOnlyForDeploymentPostprocessing = 0;
		};
		6F145A2A2CAF56FC008FFDC2 /* Frameworks */ = {
			isa = PBXFrameworksBuildPhase;
			buildActionMask = 2147483647;
			files = (
			);
			runOnlyForDeploymentPostprocessing = 0;
		};
/* End PBXFrameworksBuildPhase section */

/* Begin PBXGroup section */
		6F145A0A2CAF56F7008FFDC2 = {
			isa = PBXGroup;
			children = (
				6F145A152CAF56F8008FFDC2 /* CityWeather */,
				6F145A262CAF56FC008FFDC2 /* CityWeatherTests */,
				6F145A302CAF56FC008FFDC2 /* CityWeatherUITests */,
				6F145A142CAF56F8008FFDC2 /* Products */,
			);
			sourceTree = "<group>";
		};
		6F145A142CAF56F8008FFDC2 /* Products */ = {
			isa = PBXGroup;
			children = (
				6F145A132CAF56F8008FFDC2 /* CityWeather.app */,
				6F145A232CAF56FC008FFDC2 /* CityWeatherTests.xctest */,
				6F145A2D2CAF56FC008FFDC2 /* CityWeatherUITests.xctest */,
			);
			name = Products;
			sourceTree = "<group>";
		};
		6F145A152CAF56F8008FFDC2 /* CityWeather */ = {
			isa = PBXGroup;
			children = (
				6F145A162CAF56F8008FFDC2 /* CityWeatherApp.swift */,
				6F6A0EEF2CAF5BF100EBC5A7 /* Models */,
				6F6A0EF82CAF5F6200EBC5A7 /* Views */,
				6F6A0EF52CAF5E5400EBC5A7 /* ViewModels */,
				6F6A0EF22CAF5C7A00EBC5A7 /* Services */,
				6F6A0F022CB0967500EBC5A7 /* ImageCache */,
				6F6A0EFD2CAF6FC800EBC5A7 /* Extensions */,
				6F6A0F0D2CB1D73500EBC5A7 /* Mocks */,
				6F145A1A2CAF56FC008FFDC2 /* Assets.xcassets */,
				6F145A1C2CAF56FC008FFDC2 /* Preview Content */,
			);
			path = CityWeather;
			sourceTree = "<group>";
		};
		6F145A1C2CAF56FC008FFDC2 /* Preview Content */ = {
			isa = PBXGroup;
			children = (
				6F145A1D2CAF56FC008FFDC2 /* Preview Assets.xcassets */,
			);
			path = "Preview Content";
			sourceTree = "<group>";
		};
		6F145A262CAF56FC008FFDC2 /* CityWeatherTests */ = {
			isa = PBXGroup;
			children = (
				6F145A272CAF56FC008FFDC2 /* CityWeatherTests.swift */,
			);
			path = CityWeatherTests;
			sourceTree = "<group>";
		};
		6F145A302CAF56FC008FFDC2 /* CityWeatherUITests */ = {
			isa = PBXGroup;
			children = (
				6F145A312CAF56FC008FFDC2 /* CityWeatherUITests.swift */,
				6F145A332CAF56FC008FFDC2 /* CityWeatherUITestsLaunchTests.swift */,
			);
			path = CityWeatherUITests;
			sourceTree = "<group>";
		};
		6F6A0EEF2CAF5BF100EBC5A7 /* Models */ = {
			isa = PBXGroup;
			children = (
				6F6A0EF02CAF5C1200EBC5A7 /* Weather.swift */,
				6F6A0EFB2CAF60BC00EBC5A7 /* Geolocation.swift */,
			);
			path = Models;
			sourceTree = "<group>";
		};
		6F6A0EF22CAF5C7A00EBC5A7 /* Services */ = {
			isa = PBXGroup;
			children = (
				6F6A0EF32CAF5C8C00EBC5A7 /* WeatherService.swift */,
				6F6A0F072CB0D50C00EBC5A7 /* LocationManager.swift */,
			);
			path = Services;
			sourceTree = "<group>";
		};
		6F6A0EF52CAF5E5400EBC5A7 /* ViewModels */ = {
			isa = PBXGroup;
			children = (
				6F6A0EF62CAF5E6B00EBC5A7 /* WeatherViewModel.swift */,
			);
			path = ViewModels;
			sourceTree = "<group>";
		};
		6F6A0EF82CAF5F6200EBC5A7 /* Views */ = {
			isa = PBXGroup;
			children = (
				6F6A0EF92CAF5F8900EBC5A7 /* WeatherView.swift */,
				6F6A0F052CB0974300EBC5A7 /* AsyncImageView.swift */,
				6F6A0F092CB0F3A600EBC5A7 /* WeatherDetailsView.swift */,
				6F6A0F0B2CB0F3CC00EBC5A7 /* CitySuggestionsView.swift */,
			);
			path = Views;
			sourceTree = "<group>";
		};
		6F6A0EFD2CAF6FC800EBC5A7 /* Extensions */ = {
			isa = PBXGroup;
			children = (
				6F6A0EFE2CAF6FDF00EBC5A7 /* String+Extension.swift */,
				6F6A0F002CB08B0800EBC5A7 /* UIApplication+Extension.swift */,
			);
			path = Extensions;
			sourceTree = "<group>";
		};
		6F6A0F022CB0967500EBC5A7 /* ImageCache */ = {
			isa = PBXGroup;
			children = (
				6F6A0F032CB0969A00EBC5A7 /* ImageCache.swift */,
			);
			path = ImageCache;
			sourceTree = "<group>";
		};
		6F6A0F0D2CB1D73500EBC5A7 /* Mocks */ = {
			isa = PBXGroup;
			children = (
				6F6A0F0E2CB1D74E00EBC5A7 /* MockWeatherService.swift */,
				6F6A0F102CB1D7DC00EBC5A7 /* MockLocationManager.swift */,
			);
			path = Mocks;
			sourceTree = "<group>";
		};
/* End PBXGroup section */

/* Begin PBXNativeTarget section */
		6F145A122CAF56F8008FFDC2 /* CityWeather */ = {
			isa = PBXNativeTarget;
			buildConfigurationList = 6F145A372CAF56FC008FFDC2 /* Build configuration list for PBXNativeTarget "CityWeather" */;
			buildPhases = (
				6F145A0F2CAF56F8008FFDC2 /* Sources */,
				6F145A102CAF56F8008FFDC2 /* Frameworks */,
				6F145A112CAF56F8008FFDC2 /* Resources */,
			);
			buildRules = (
			);
			dependencies = (
			);
			name = CityWeather;
			productName = CityWeather;
			productReference = 6F145A132CAF56F8008FFDC2 /* CityWeather.app */;
			productType = "com.apple.product-type.application";
		};
		6F145A222CAF56FC008FFDC2 /* CityWeatherTests */ = {
			isa = PBXNativeTarget;
			buildConfigurationList = 6F145A3A2CAF56FC008FFDC2 /* Build configuration list for PBXNativeTarget "CityWeatherTests" */;
			buildPhases = (
				6F145A1F2CAF56FC008FFDC2 /* Sources */,
				6F145A202CAF56FC008FFDC2 /* Frameworks */,
				6F145A212CAF56FC008FFDC2 /* Resources */,
			);
			buildRules = (
			);
			dependencies = (
				6F145A252CAF56FC008FFDC2 /* PBXTargetDependency */,
			);
			name = CityWeatherTests;
			productName = CityWeatherTests;
			productReference = 6F145A232CAF56FC008FFDC2 /* CityWeatherTests.xctest */;
			productType = "com.apple.product-type.bundle.unit-test";
		};
		6F145A2C2CAF56FC008FFDC2 /* CityWeatherUITests */ = {
			isa = PBXNativeTarget;
			buildConfigurationList = 6F145A3D2CAF56FC008FFDC2 /* Build configuration list for PBXNativeTarget "CityWeatherUITests" */;
			buildPhases = (
				6F145A292CAF56FC008FFDC2 /* Sources */,
				6F145A2A2CAF56FC008FFDC2 /* Frameworks */,
				6F145A2B2CAF56FC008FFDC2 /* Resources */,
			);
			buildRules = (
			);
			dependencies = (
				6F145A2F2CAF56FC008FFDC2 /* PBXTargetDependency */,
			);
			name = CityWeatherUITests;
			productName = CityWeatherUITests;
			productReference = 6F145A2D2CAF56FC008FFDC2 /* CityWeatherUITests.xctest */;
			productType = "com.apple.product-type.bundle.ui-testing";
		};
/* End PBXNativeTarget section */

/* Begin PBXProject section */
		6F145A0B2CAF56F7008FFDC2 /* Project object */ = {
			isa = PBXProject;
			attributes = {
				BuildIndependentTargetsInParallel = 1;
				LastSwiftUpdateCheck = 1540;
				LastUpgradeCheck = 1540;
				TargetAttributes = {
					6F145A122CAF56F8008FFDC2 = {
						CreatedOnToolsVersion = 15.4;
					};
					6F145A222CAF56FC008FFDC2 = {
						CreatedOnToolsVersion = 15.4;
						TestTargetID = 6F145A122CAF56F8008FFDC2;
					};
					6F145A2C2CAF56FC008FFDC2 = {
						CreatedOnToolsVersion = 15.4;
						TestTargetID = 6F145A122CAF56F8008FFDC2;
					};
				};
			};
			buildConfigurationList = 6F145A0E2CAF56F7008FFDC2 /* Build configuration list for PBXProject "CityWeather" */;
			compatibilityVersion = "Xcode 14.0";
			developmentRegion = en;
			hasScannedForEncodings = 0;
			knownRegions = (
				en,
				Base,
			);
			mainGroup = 6F145A0A2CAF56F7008FFDC2;
			productRefGroup = 6F145A142CAF56F8008FFDC2 /* Products */;
			projectDirPath = "";
			projectRoot = "";
			targets = (
				6F145A122CAF56F8008FFDC2 /* CityWeather */,
				6F145A222CAF56FC008FFDC2 /* CityWeatherTests */,
				6F145A2C2CAF56FC008FFDC2 /* CityWeatherUITests */,
			);
		};
/* End PBXProject section */

/* Begin PBXResourcesBuildPhase section */
		6F145A112CAF56F8008FFDC2 /* Resources */ = {
			isa = PBXResourcesBuildPhase;
			buildActionMask = 2147483647;
			files = (
				6F145A1E2CAF56FC008FFDC2 /* Preview Assets.xcassets in Resources */,
				6F145A1B2CAF56FC008FFDC2 /* Assets.xcassets in Resources */,
			);
			runOnlyForDeploymentPostprocessing = 0;
		};
		6F145A212CAF56FC008FFDC2 /* Resources */ = {
			isa = PBXResourcesBuildPhase;
			buildActionMask = 2147483647;
			files = (
			);
			runOnlyForDeploymentPostprocessing = 0;
		};
		6F145A2B2CAF56FC008FFDC2 /* Resources */ = {
			isa = PBXResourcesBuildPhase;
			buildActionMask = 2147483647;
			files = (
			);
			runOnlyForDeploymentPostprocessing = 0;
		};
/* End PBXResourcesBuildPhase section */

/* Begin PBXSourcesBuildPhase section */
		6F145A0F2CAF56F8008FFDC2 /* Sources */ = {
			isa = PBXSourcesBuildPhase;
			buildActionMask = 2147483647;
			files = (
				6F6A0EFF2CAF6FDF00EBC5A7 /* String+Extension.swift in Sources */,
				6F6A0EF72CAF5E6B00EBC5A7 /* WeatherViewModel.swift in Sources */,
				6F6A0F012CB08B0800EBC5A7 /* UIApplication+Extension.swift in Sources */,
				6F6A0F082CB0D50C00EBC5A7 /* LocationManager.swift in Sources */,
				6F6A0F062CB0974400EBC5A7 /* AsyncImageView.swift in Sources */,
				6F6A0F112CB1D7DC00EBC5A7 /* MockLocationManager.swift in Sources */,
				6F6A0F0C2CB0F3CC00EBC5A7 /* CitySuggestionsView.swift in Sources */,
				6F6A0F042CB0969A00EBC5A7 /* ImageCache.swift in Sources */,
				6F6A0EF42CAF5C8C00EBC5A7 /* WeatherService.swift in Sources */,
				6F6A0EFC2CAF60BC00EBC5A7 /* Geolocation.swift in Sources */,
				6F6A0F0A2CB0F3A600EBC5A7 /* WeatherDetailsView.swift in Sources */,
				6F6A0F0F2CB1D74E00EBC5A7 /* MockWeatherService.swift in Sources */,
				6F6A0EFA2CAF5F8900EBC5A7 /* WeatherView.swift in Sources */,
				6F6A0EF12CAF5C1200EBC5A7 /* Weather.swift in Sources */,
				6F145A172CAF56F8008FFDC2 /* CityWeatherApp.swift in Sources */,
			);
			runOnlyForDeploymentPostprocessing = 0;
		};
		6F145A1F2CAF56FC008FFDC2 /* Sources */ = {
			isa = PBXSourcesBuildPhase;
			buildActionMask = 2147483647;
			files = (
				6F145A282CAF56FC008FFDC2 /* CityWeatherTests.swift in Sources */,
			);
			runOnlyForDeploymentPostprocessing = 0;
		};
		6F145A292CAF56FC008FFDC2 /* Sources */ = {
			isa = PBXSourcesBuildPhase;
			buildActionMask = 2147483647;
			files = (
				6F145A342CAF56FC008FFDC2 /* CityWeatherUITestsLaunchTests.swift in Sources */,
				6F145A322CAF56FC008FFDC2 /* CityWeatherUITests.swift in Sources */,
			);
			runOnlyForDeploymentPostprocessing = 0;
		};
/* End PBXSourcesBuildPhase section */

/* Begin PBXTargetDependency section */
		6F145A252CAF56FC008FFDC2 /* PBXTargetDependency */ = {
			isa = PBXTargetDependency;
			target = 6F145A122CAF56F8008FFDC2 /* CityWeather */;
			targetProxy = 6F145A242CAF56FC008FFDC2 /* PBXContainerItemProxy */;
		};
		6F145A2F2CAF56FC008FFDC2 /* PBXTargetDependency */ = {
			isa = PBXTargetDependency;
			target = 6F145A122CAF56F8008FFDC2 /* CityWeather */;
			targetProxy = 6F145A2E2CAF56FC008FFDC2 /* PBXContainerItemProxy */;
		};
/* End PBXTargetDependency section */

/* Begin XCBuildConfiguration section */
		6F145A352CAF56FC008FFDC2 /* Debug */ = {
			isa = XCBuildConfiguration;
			buildSettings = {
				ALWAYS_SEARCH_USER_PATHS = NO;
				ASSETCATALOG_COMPILER_GENERATE_SWIFT_ASSET_SYMBOL_EXTENSIONS = YES;
				CLANG_ANALYZER_NONNULL = YES;
				CLANG_ANALYZER_NUMBER_OBJECT_CONVERSION = YES_AGGRESSIVE;
				CLANG_CXX_LANGUAGE_STANDARD = "gnu++20";
				CLANG_ENABLE_MODULES = YES;
				CLANG_ENABLE_OBJC_ARC = YES;
				CLANG_ENABLE_OBJC_WEAK = YES;
				CLANG_WARN_BLOCK_CAPTURE_AUTORELEASING = YES;
				CLANG_WARN_BOOL_CONVERSION = YES;
				CLANG_WARN_COMMA = YES;
				CLANG_WARN_CONSTANT_CONVERSION = YES;
				CLANG_WARN_DEPRECATED_OBJC_IMPLEMENTATIONS = YES;
				CLANG_WARN_DIRECT_OBJC_ISA_USAGE = YES_ERROR;
				CLANG_WARN_DOCUMENTATION_COMMENTS = YES;
				CLANG_WARN_EMPTY_BODY = YES;
				CLANG_WARN_ENUM_CONVERSION = YES;
				CLANG_WARN_INFINITE_RECURSION = YES;
				CLANG_WARN_INT_CONVERSION = YES;
				CLANG_WARN_NON_LITERAL_NULL_CONVERSION = YES;
				CLANG_WARN_OBJC_IMPLICIT_RETAIN_SELF = YES;
				CLANG_WARN_OBJC_LITERAL_CONVERSION = YES;
				CLANG_WARN_OBJC_ROOT_CLASS = YES_ERROR;
				CLANG_WARN_QUOTED_INCLUDE_IN_FRAMEWORK_HEADER = YES;
				CLANG_WARN_RANGE_LOOP_ANALYSIS = YES;
				CLANG_WARN_STRICT_PROTOTYPES = YES;
				CLANG_WARN_SUSPICIOUS_MOVE = YES;
				CLANG_WARN_UNGUARDED_AVAILABILITY = YES_AGGRESSIVE;
				CLANG_WARN_UNREACHABLE_CODE = YES;
				CLANG_WARN__DUPLICATE_METHOD_MATCH = YES;
				COPY_PHASE_STRIP = NO;
				DEBUG_INFORMATION_FORMAT = dwarf;
				ENABLE_STRICT_OBJC_MSGSEND = YES;
				ENABLE_TESTABILITY = YES;
				ENABLE_USER_SCRIPT_SANDBOXING = YES;
				GCC_C_LANGUAGE_STANDARD = gnu17;
				GCC_DYNAMIC_NO_PIC = NO;
				GCC_NO_COMMON_BLOCKS = YES;
				GCC_OPTIMIZATION_LEVEL = 0;
				GCC_PREPROCESSOR_DEFINITIONS = (
					"DEBUG=1",
					"$(inherited)",
				);
				GCC_WARN_64_TO_32_BIT_CONVERSION = YES;
				GCC_WARN_ABOUT_RETURN_TYPE = YES_ERROR;
				GCC_WARN_UNDECLARED_SELECTOR = YES;
				GCC_WARN_UNINITIALIZED_AUTOS = YES_AGGRESSIVE;
				GCC_WARN_UNUSED_FUNCTION = YES;
				GCC_WARN_UNUSED_VARIABLE = YES;
				IPHONEOS_DEPLOYMENT_TARGET = 17.5;
				LOCALIZATION_PREFERS_STRING_CATALOGS = YES;
				MTL_ENABLE_DEBUG_INFO = INCLUDE_SOURCE;
				MTL_FAST_MATH = YES;
				ONLY_ACTIVE_ARCH = YES;
				SDKROOT = iphoneos;
				SWIFT_ACTIVE_COMPILATION_CONDITIONS = "DEBUG $(inherited)";
				SWIFT_OPTIMIZATION_LEVEL = "-Onone";
			};
			name = Debug;
		};
		6F145A362CAF56FC008FFDC2 /* Release */ = {
			isa = XCBuildConfiguration;
			buildSettings = {
				ALWAYS_SEARCH_USER_PATHS = NO;
				ASSETCATALOG_COMPILER_GENERATE_SWIFT_ASSET_SYMBOL_EXTENSIONS = YES;
				CLANG_ANALYZER_NONNULL = YES;
				CLANG_ANALYZER_NUMBER_OBJECT_CONVERSION = YES_AGGRESSIVE;
				CLANG_CXX_LANGUAGE_STANDARD = "gnu++20";
				CLANG_ENABLE_MODULES = YES;
				CLANG_ENABLE_OBJC_ARC = YES;
				CLANG_ENABLE_OBJC_WEAK = YES;
				CLANG_WARN_BLOCK_CAPTURE_AUTORELEASING = YES;
				CLANG_WARN_BOOL_CONVERSION = YES;
				CLANG_WARN_COMMA = YES;
				CLANG_WARN_CONSTANT_CONVERSION = YES;
				CLANG_WARN_DEPRECATED_OBJC_IMPLEMENTATIONS = YES;
				CLANG_WARN_DIRECT_OBJC_ISA_USAGE = YES_ERROR;
				CLANG_WARN_DOCUMENTATION_COMMENTS = YES;
				CLANG_WARN_EMPTY_BODY = YES;
				CLANG_WARN_ENUM_CONVERSION = YES;
				CLANG_WARN_INFINITE_RECURSION = YES;
				CLANG_WARN_INT_CONVERSION = YES;
				CLANG_WARN_NON_LITERAL_NULL_CONVERSION = YES;
				CLANG_WARN_OBJC_IMPLICIT_RETAIN_SELF = YES;
				CLANG_WARN_OBJC_LITERAL_CONVERSION = YES;
				CLANG_WARN_OBJC_ROOT_CLASS = YES_ERROR;
				CLANG_WARN_QUOTED_INCLUDE_IN_FRAMEWORK_HEADER = YES;
				CLANG_WARN_RANGE_LOOP_ANALYSIS = YES;
				CLANG_WARN_STRICT_PROTOTYPES = YES;
				CLANG_WARN_SUSPICIOUS_MOVE = YES;
				CLANG_WARN_UNGUARDED_AVAILABILITY = YES_AGGRESSIVE;
				CLANG_WARN_UNREACHABLE_CODE = YES;
				CLANG_WARN__DUPLICATE_METHOD_MATCH = YES;
				COPY_PHASE_STRIP = NO;
				DEBUG_INFORMATION_FORMAT = "dwarf-with-dsym";
				ENABLE_NS_ASSERTIONS = NO;
				ENABLE_STRICT_OBJC_MSGSEND = YES;
				ENABLE_USER_SCRIPT_SANDBOXING = YES;
				GCC_C_LANGUAGE_STANDARD = gnu17;
				GCC_NO_COMMON_BLOCKS = YES;
				GCC_WARN_64_TO_32_BIT_CONVERSION = YES;
				GCC_WARN_ABOUT_RETURN_TYPE = YES_ERROR;
				GCC_WARN_UNDECLARED_SELECTOR = YES;
				GCC_WARN_UNINITIALIZED_AUTOS = YES_AGGRESSIVE;
				GCC_WARN_UNUSED_FUNCTION = YES;
				GCC_WARN_UNUSED_VARIABLE = YES;
				IPHONEOS_DEPLOYMENT_TARGET = 17.5;
				LOCALIZATION_PREFERS_STRING_CATALOGS = YES;
				MTL_ENABLE_DEBUG_INFO = NO;
				MTL_FAST_MATH = YES;
				SDKROOT = iphoneos;
				SWIFT_COMPILATION_MODE = wholemodule;
				VALIDATE_PRODUCT = YES;
			};
			name = Release;
		};
		6F145A382CAF56FC008FFDC2 /* Debug */ = {
			isa = XCBuildConfiguration;
			buildSettings = {
				ASSETCATALOG_COMPILER_APPICON_NAME = AppIcon;
				ASSETCATALOG_COMPILER_GLOBAL_ACCENT_COLOR_NAME = AccentColor;
				CODE_SIGN_STYLE = Automatic;
				CURRENT_PROJECT_VERSION = 1;
				DEVELOPMENT_ASSET_PATHS = "\"CityWeather/Preview Content\"";
				ENABLE_PREVIEWS = YES;
				GENERATE_INFOPLIST_FILE = YES;
				INFOPLIST_KEY_LSApplicationCategoryType = "public.app-category.weather";
				INFOPLIST_KEY_NSLocationWhenInUseUsageDescription = "The app needs to access your location to provide weather services.";
				INFOPLIST_KEY_UIApplicationSceneManifest_Generation = YES;
				INFOPLIST_KEY_UIApplicationSupportsIndirectInputEvents = YES;
				INFOPLIST_KEY_UILaunchScreen_Generation = YES;
				INFOPLIST_KEY_UISupportedInterfaceOrientations = UIInterfaceOrientationPortrait;
				INFOPLIST_KEY_UISupportedInterfaceOrientations_iPad = "UIInterfaceOrientationLandscapeLeft UIInterfaceOrientationLandscapeRight UIInterfaceOrientationPortrait UIInterfaceOrientationPortraitUpsideDown";
				LD_RUNPATH_SEARCH_PATHS = (
					"$(inherited)",
					"@executable_path/Frameworks",
				);
				MARKETING_VERSION = 1.0;
				PRODUCT_BUNDLE_IDENTIFIER = com.new.app.CityWeather;
				PRODUCT_NAME = "$(TARGET_NAME)";
				SUPPORTED_PLATFORMS = "iphoneos iphonesimulator";
				SUPPORTS_MACCATALYST = NO;
				SUPPORTS_MAC_DESIGNED_FOR_IPHONE_IPAD = NO;
				SUPPORTS_XR_DESIGNED_FOR_IPHONE_IPAD = NO;
				SWIFT_EMIT_LOC_STRINGS = YES;
				SWIFT_VERSION = 5.0;
				TARGETED_DEVICE_FAMILY = 1;
			};
			name = Debug;
		};
		6F145A392CAF56FC008FFDC2 /* Release */ = {
			isa = XCBuildConfiguration;
			buildSettings = {
				ASSETCATALOG_COMPILER_APPICON_NAME = AppIcon;
				ASSETCATALOG_COMPILER_GLOBAL_ACCENT_COLOR_NAME = AccentColor;
				CODE_SIGN_STYLE = Automatic;
				CURRENT_PROJECT_VERSION = 1;
				DEVELOPMENT_ASSET_PATHS = "\"CityWeather/Preview Content\"";
				ENABLE_PREVIEWS = YES;
				GENERATE_INFOPLIST_FILE = YES;
				INFOPLIST_KEY_LSApplicationCategoryType = "public.app-category.weather";
				INFOPLIST_KEY_NSLocationWhenInUseUsageDescription = "The app needs to access your location to provide weather services.";
				INFOPLIST_KEY_UIApplicationSceneManifest_Generation = YES;
				INFOPLIST_KEY_UIApplicationSupportsIndirectInputEvents = YES;
				INFOPLIST_KEY_UILaunchScreen_Generation = YES;
				INFOPLIST_KEY_UISupportedInterfaceOrientations = UIInterfaceOrientationPortrait;
				INFOPLIST_KEY_UISupportedInterfaceOrientations_iPad = "UIInterfaceOrientationLandscapeLeft UIInterfaceOrientationLandscapeRight UIInterfaceOrientationPortrait UIInterfaceOrientationPortraitUpsideDown";
				LD_RUNPATH_SEARCH_PATHS = (
					"$(inherited)",
					"@executable_path/Frameworks",
				);
				MARKETING_VERSION = 1.0;
				PRODUCT_BUNDLE_IDENTIFIER = com.new.app.CityWeather;
				PRODUCT_NAME = "$(TARGET_NAME)";
				SUPPORTED_PLATFORMS = "iphoneos iphonesimulator";
				SUPPORTS_MACCATALYST = NO;
				SUPPORTS_MAC_DESIGNED_FOR_IPHONE_IPAD = NO;
				SUPPORTS_XR_DESIGNED_FOR_IPHONE_IPAD = NO;
				SWIFT_EMIT_LOC_STRINGS = YES;
				SWIFT_VERSION = 5.0;
				TARGETED_DEVICE_FAMILY = 1;
			};
			name = Release;
		};
		6F145A3B2CAF56FC008FFDC2 /* Debug */ = {
			isa = XCBuildConfiguration;
			buildSettings = {
				ALWAYS_EMBED_SWIFT_STANDARD_LIBRARIES = YES;
				BUNDLE_LOADER = "$(TEST_HOST)";
				CODE_SIGN_STYLE = Automatic;
				CURRENT_PROJECT_VERSION = 1;
				GENERATE_INFOPLIST_FILE = YES;
				IPHONEOS_DEPLOYMENT_TARGET = 17.5;
				MARKETING_VERSION = 1.0;
				PRODUCT_BUNDLE_IDENTIFIER = com.new.app.CityWeatherTests;
				PRODUCT_NAME = "$(TARGET_NAME)";
				SWIFT_EMIT_LOC_STRINGS = NO;
				SWIFT_VERSION = 5.0;
				TARGETED_DEVICE_FAMILY = "1,2";
				TEST_HOST = "$(BUILT_PRODUCTS_DIR)/CityWeather.app/$(BUNDLE_EXECUTABLE_FOLDER_PATH)/CityWeather";
			};
			name = Debug;
		};
		6F145A3C2CAF56FC008FFDC2 /* Release */ = {
			isa = XCBuildConfiguration;
			buildSettings = {
				ALWAYS_EMBED_SWIFT_STANDARD_LIBRARIES = YES;
				BUNDLE_LOADER = "$(TEST_HOST)";
				CODE_SIGN_STYLE = Automatic;
				CURRENT_PROJECT_VERSION = 1;
				GENERATE_INFOPLIST_FILE = YES;
				IPHONEOS_DEPLOYMENT_TARGET = 17.5;
				MARKETING_VERSION = 1.0;
				PRODUCT_BUNDLE_IDENTIFIER = com.new.app.CityWeatherTests;
				PRODUCT_NAME = "$(TARGET_NAME)";
				SWIFT_EMIT_LOC_STRINGS = NO;
				SWIFT_VERSION = 5.0;
				TARGETED_DEVICE_FAMILY = "1,2";
				TEST_HOST = "$(BUILT_PRODUCTS_DIR)/CityWeather.app/$(BUNDLE_EXECUTABLE_FOLDER_PATH)/CityWeather";
			};
			name = Release;
		};
		6F145A3E2CAF56FC008FFDC2 /* Debug */ = {
			isa = XCBuildConfiguration;
			buildSettings = {
				ALWAYS_EMBED_SWIFT_STANDARD_LIBRARIES = YES;
				CODE_SIGN_STYLE = Automatic;
				CURRENT_PROJECT_VERSION = 1;
				GENERATE_INFOPLIST_FILE = YES;
				MARKETING_VERSION = 1.0;
				PRODUCT_BUNDLE_IDENTIFIER = com.new.app.CityWeatherUITests;
				PRODUCT_NAME = "$(TARGET_NAME)";
				SWIFT_EMIT_LOC_STRINGS = NO;
				SWIFT_VERSION = 5.0;
				TARGETED_DEVICE_FAMILY = "1,2";
				TEST_TARGET_NAME = CityWeather;
			};
			name = Debug;
		};
		6F145A3F2CAF56FC008FFDC2 /* Release */ = {
			isa = XCBuildConfiguration;
			buildSettings = {
				ALWAYS_EMBED_SWIFT_STANDARD_LIBRARIES = YES;
				CODE_SIGN_STYLE = Automatic;
				CURRENT_PROJECT_VERSION = 1;
				GENERATE_INFOPLIST_FILE = YES;
				MARKETING_VERSION = 1.0;
				PRODUCT_BUNDLE_IDENTIFIER = com.new.app.CityWeatherUITests;
				PRODUCT_NAME = "$(TARGET_NAME)";
				SWIFT_EMIT_LOC_STRINGS = NO;
				SWIFT_VERSION = 5.0;
				TARGETED_DEVICE_FAMILY = "1,2";
				TEST_TARGET_NAME = CityWeather;
			};
			name = Release;
		};
/* End XCBuildConfiguration section */

/* Begin XCConfigurationList section */
		6F145A0E2CAF56F7008FFDC2 /* Build configuration list for PBXProject "CityWeather" */ = {
			isa = XCConfigurationList;
			buildConfigurations = (
				6F145A352CAF56FC008FFDC2 /* Debug */,
				6F145A362CAF56FC008FFDC2 /* Release */,
			);
			defaultConfigurationIsVisible = 0;
			defaultConfigurationName = Release;
		};
		6F145A372CAF56FC008FFDC2 /* Build configuration list for PBXNativeTarget "CityWeather" */ = {
			isa = XCConfigurationList;
			buildConfigurations = (
				6F145A382CAF56FC008FFDC2 /* Debug */,
				6F145A392CAF56FC008FFDC2 /* Release */,
			);
			defaultConfigurationIsVisible = 0;
			defaultConfigurationName = Release;
		};
		6F145A3A2CAF56FC008FFDC2 /* Build configuration list for PBXNativeTarget "CityWeatherTests" */ = {
			isa = XCConfigurationList;
			buildConfigurations = (
				6F145A3B2CAF56FC008FFDC2 /* Debug */,
				6F145A3C2CAF56FC008FFDC2 /* Release */,
			);
			defaultConfigurationIsVisible = 0;
			defaultConfigurationName = Release;
		};
		6F145A3D2CAF56FC008FFDC2 /* Build configuration list for PBXNativeTarget "CityWeatherUITests" */ = {
			isa = XCConfigurationList;
			buildConfigurations = (
				6F145A3E2CAF56FC008FFDC2 /* Debug */,
				6F145A3F2CAF56FC008FFDC2 /* Release */,
			);
			defaultConfigurationIsVisible = 0;
			defaultConfigurationName = Release;
		};
/* End XCConfigurationList section */
	};
	rootObject = 6F145A0B2CAF56F7008FFDC2 /* Project object */;
}
